Microsoft Visual Studio Solution File, Format Version 12.00
# Visual Studio Version 18
VisualStudioVersion = 18.2.11415.280 d18.0
MinimumVisualStudioVersion = 10.0.40219.1
Project("{FAE04EC0-301F-11D3-BF4B-00C04F79EFBC}") = "Domaine", "Domaine\Domaine.csproj", "{E666B399-1A23-4C77-B094-A2192CDD9E48}"
EndProject
Project("{FAE04EC0-301F-11D3-BF4B-00C04F79EFBC}") = "Infrastructure", "Infrastructure\Infrastructure.csproj", "{725CE442-4E26-4CA9-9BBE-19351EC2D63D}"
EndProject
Project("{FAE04EC0-301F-11D3-BF4B-00C04F79EFBC}") = "Services", "Services\Services.csproj", "{0C42AFEE-33B6-4AAA-B80C-F4C3E9A7369B}"
EndProject
Project("{FAE04EC0-301F-11D3-BF4B-00C04F79EFBC}") = "VinCipher.com", "VinCipher.com\VinCipher.com.csproj", "{B36C0406-9D7F-543B-E599-2EB31024121D}"
EndProject
Global
	GlobalSection(SolutionConfigurationPlatforms) = preSolution
		Debug|Any CPU = Debug|Any CPU
		Release|Any CPU = Release|Any CPU
	EndGlobalSection
	GlobalSection(ProjectConfigurationPlatforms) = postSolution
		{E666B399-1A23-4C77-B094-A2192CDD9E48}.Debug|Any CPU.ActiveCfg = Debug|Any CPU
		{E666B399-1A23-4C77-B094-A2192CDD9E48}.Debug|Any CPU.Build.0 = Debug|Any CPU
		{E666B399-1A23-4C77-B094-A2192CDD9E48}.Release|Any CPU.ActiveCfg = Release|Any CPU
		{E666B399-1A23-4C77-B094-A2192CDD9E48}.Release|Any CPU.Build.0 = Release|Any CPU
		{725CE442-4E26-4CA9-9BBE-19351EC2D63D}.Debug|Any CPU.ActiveCfg = Debug|Any CPU
		{725CE442-4E26-4CA9-9BBE-19351EC2D63D}.Debug|Any CPU.Build.0 = Debug|Any CPU
		{725CE442-4E26-4CA9-9BBE-19351EC2D63D}.Release|Any CPU.ActiveCfg = Release|Any CPU
		{725CE442-4E26-4CA9-9BBE-19351EC2D63D}.Release|Any CPU.Build.0 = Release|Any CPU
		{0C42AFEE-33B6-4AAA-B80C-F4C3E9A7369B}.Debug|Any CPU.ActiveCfg = Debug|Any CPU
		{0C42AFEE-33B6-4AAA-B80C-F4C3E9A7369B}.Debug|Any CPU.Build.0 = Debug|Any CPU
		{0C42AFEE-33B6-4AAA-B80C-F4C3E9A7369B}.Release|Any CPU.ActiveCfg = Release|Any CPU
		{0C42AFEE-33B6-4AAA-B80C-F4C3E9A7369B}.Release|Any CPU.Build.0 = Release|Any CPU
		{B36C0406-9D7F-543B-E599-2EB31024121D}.Debug|Any CPU.ActiveCfg = Debug|Any CPU
		{B36C0406-9D7F-543B-E599-2EB31024121D}.Debug|Any CPU.Build.0 = Debug|Any CPU
		{B36C0406-9D7F-543B-E599-2EB31024121D}.Release|Any CPU.ActiveCfg = Release|Any CPU
		{B36C0406-9D7F-543B-E599-2EB31024121D}.Release|Any CPU.Build.0 = Release|Any CPU
	EndGlobalSection
	GlobalSection(SolutionProperties) = preSolution
		HideSolutionNode = FALSE
	EndGlobalSection
	GlobalSection(ExtensibilityGlobals) = postSolution
		SolutionGuid = {8974B3AA-5848-446B-A0F5-EE5094E968A9}
	EndGlobalSection
EndGlobal
