<Solution>
  <Folder Name="/Éléments de solution/">
    <File Path=".github/workflows/main.yml" />
  </Folder>
  <Project Path="Domaine/Domaine.csproj" />
  <Project Path="Infrastructure/Infrastructure.csproj" />
  <Project Path="Services/Services.csproj" />
  <Project Path="VinCipher.com/VinCipher.com.csproj" />
</Solution>
